{
  "sources": {
    "wp-vagrant": {
      "locked_version": "0.0.11"
    },
    "chef_throttle": {
      "path": "."
    },
    "wp-rbenv": {
      "locked_version": "1.1.1"
    },
    "rbenv": {
      "locked_version": "0.7.3"
    },
    "ruby_build": {
      "locked_version": "0.7.2"
    },
    "java": {
      "locked_version": "1.12.1"
    },
    "windows": {
      "locked_version": "1.4.0"
    },
    "chef_handler": {
      "locked_version": "1.0.1"
    },
    "users": {
      "locked_version": "0.7.2"
    },
    "nscd": {
      "locked_version": "0.7.0"
    },
    "apt": {
      "locked_version": "0.10.1"
    },
    "log_collection": {
      "locked_version": "0.1.10"
    },
    "ubuntu": {
      "locked_version": "0.15.18"
    },
    "wp_apt": {
      "locked_version": "0.3.0"
    },
    "openssh": {
      "locked_version": "0.8.1"
    },
    "rubygems": {
      "locked_version": "0.3.3"
    },
    "wp_java": {
      "locked_version": "1.0.1"
    },
    "rsyslog": {
      "locked_version": "0.9.3"
    },
    "cron": {
      "locked_version": "1.2.4"
    },
    "wprelease": {
      "locked_version": "1.7.4"
    },
    "whitepages": {
      "locked_version": "1.6.1"
    },
    "wp_ruby": {
      "locked_version": "1.2.3"
    }
  }
}
