{
  "sources": {
    "wp-vagrant": {
      "locked_version": "0.0.11"
    },
    "chef_throttle": {
      "path": "."
    },
    "wp-rbenv": {
      "locked_version": "1.1.2"
    },
    "rbenv": {
      "locked_version": "0.7.3"
    },
    "ruby_build": {
      "locked_version": "0.7.2"
    },
    "java": {
      "locked_version": "1.12.1"
    },
    "windows": {
      "locked_version": "1.4.0"
    },
    "chef_handler": {
      "locked_version": "1.0.3"
    },
    "users": {
      "locked_version": "0.8.2"
    },
    "nscd": {
      "locked_version": "0.7.1"
    },
    "apt": {
      "locked_version": "0.10.9"
    },
    "log_collection": {
      "locked_version": "0.2.4"
    },
    "ubuntu": {
      "locked_version": "0.23.6"
    },
    "wp_apt": {
      "locked_version": "0.8.3"
    },
    "openssh": {
      "locked_version": "0.9.1"
    },
    "rubygems": {
      "locked_version": "0.3.3"
    },
    "wp_java": {
      "locked_version": "1.2.2"
    },
    "rsyslog": {
      "locked_version": "0.11.1"
    },
    "cron": {
      "locked_version": "1.2.4"
    },
    "wprelease": {
      "locked_version": "1.9.0"
    },
    "whitepages": {
      "locked_version": "1.8.0"
    },
    "wp_ruby": {
      "locked_version": "1.7.3"
    },
    "release_throttle": {
      "locked_version": "0.1.5"
    }
  }
}
